
Microsoft Visual Studio Solution File, Format Version 12.00
# Visual Studio Version 17
VisualStudioVersion = 17.7.34024.191
MinimumVisualStudioVersion = 10.0.40219.1
Project("{FAE04EC0-301F-11D3-BF4B-00C04F79EFBC}") = "ConsoleApp", "ConsoleApp\ConsoleApp.csproj", "{98F19769-A999-4E66-A814-D33D00C2DD8D}"
EndProject
Project("{FAE04EC0-301F-11D3-BF4B-00C04F79EFBC}") = "JsonLibrary", "JsonLibrary\JsonLibrary.csproj", "{DB50D790-ED6F-4A05-A112-2E3CF533C000}"
EndProject
Global
	GlobalSection(SolutionConfigurationPlatforms) = preSolution
		Debug|Any CPU = Debug|Any CPU
		Release|Any CPU = Release|Any CPU
	EndGlobalSection
	GlobalSection(ProjectConfigurationPlatforms) = postSolution
		{98F19769-A999-4E66-A814-D33D00C2DD8D}.Debug|Any CPU.ActiveCfg = Debug|Any CPU
		{98F19769-A999-4E66-A814-D33D00C2DD8D}.Debug|Any CPU.Build.0 = Debug|Any CPU
		{98F19769-A999-4E66-A814-D33D00C2DD8D}.Release|Any CPU.ActiveCfg = Release|Any CPU
		{98F19769-A999-4E66-A814-D33D00C2DD8D}.Release|Any CPU.Build.0 = Release|Any CPU
		{DB50D790-ED6F-4A05-A112-2E3CF533C000}.Debug|Any CPU.ActiveCfg = Debug|Any CPU
		{DB50D790-ED6F-4A05-A112-2E3CF533C000}.Debug|Any CPU.Build.0 = Debug|Any CPU
		{DB50D790-ED6F-4A05-A112-2E3CF533C000}.Release|Any CPU.ActiveCfg = Release|Any CPU
		{DB50D790-ED6F-4A05-A112-2E3CF533C000}.Release|Any CPU.Build.0 = Release|Any CPU
	EndGlobalSection
	GlobalSection(SolutionProperties) = preSolution
		HideSolutionNode = FALSE
	EndGlobalSection
	GlobalSection(ExtensibilityGlobals) = postSolution
		SolutionGuid = {9241FE7D-38F4-447B-BD8B-76CB2140AD5E}
	EndGlobalSection
EndGlobal
